
Microsoft Visual Studio Solution File, Format Version 12.00
# Visual Studio Version 17
VisualStudioVersion = 17.14.36518.9
MinimumVisualStudioVersion = 10.0.40219.1
Project("{FAE04EC0-301F-11D3-BF4B-00C04F79EFBC}") = "ContactManagerService", "ContactManagerService\ContactManagerService.csproj", "{B8261CC2-A2E7-4F69-90AA-03FB9FBE91C9}"
EndProject
Project("{FAE04EC0-301F-11D3-BF4B-00C04F79EFBC}") = "ContactManagerClient", "ContactManagerClient\ContactManagerClient.csproj", "{2BA4FB4A-4B70-4C03-BD4A-A5665182765A}"
	ProjectSection(ProjectDependencies) = postProject
		{B8261CC2-A2E7-4F69-90AA-03FB9FBE91C9} = {B8261CC2-A2E7-4F69-90AA-03FB9FBE91C9}
	EndProjectSection
EndProject
Global
	GlobalSection(SolutionConfigurationPlatforms) = preSolution
		Debug|Any CPU = Debug|Any CPU
		Release|Any CPU = Release|Any CPU
	EndGlobalSection
	GlobalSection(ProjectConfigurationPlatforms) = postSolution
		{B8261CC2-A2E7-4F69-90AA-03FB9FBE91C9}.Debug|Any CPU.ActiveCfg = Debug|Any CPU
		{B8261CC2-A2E7-4F69-90AA-03FB9FBE91C9}.Debug|Any CPU.Build.0 = Debug|Any CPU
		{B8261CC2-A2E7-4F69-90AA-03FB9FBE91C9}.Release|Any CPU.ActiveCfg = Release|Any CPU
		{B8261CC2-A2E7-4F69-90AA-03FB9FBE91C9}.Release|Any CPU.Build.0 = Release|Any CPU
		{2BA4FB4A-4B70-4C03-BD4A-A5665182765A}.Debug|Any CPU.ActiveCfg = Debug|Any CPU
		{2BA4FB4A-4B70-4C03-BD4A-A5665182765A}.Debug|Any CPU.Build.0 = Debug|Any CPU
		{2BA4FB4A-4B70-4C03-BD4A-A5665182765A}.Release|Any CPU.ActiveCfg = Release|Any CPU
		{2BA4FB4A-4B70-4C03-BD4A-A5665182765A}.Release|Any CPU.Build.0 = Release|Any CPU
	EndGlobalSection
	GlobalSection(SolutionProperties) = preSolution
		HideSolutionNode = FALSE
	EndGlobalSection
	GlobalSection(ExtensibilityGlobals) = postSolution
		SolutionGuid = {18C15C48-BA26-4F29-B017-B612E16F0699}
	EndGlobalSection
EndGlobal
